
Microsoft Visual Studio Solution File, Format Version 12.00
# Visual Studio 15
VisualStudioVersion = 15.0.27703.2035
MinimumVisualStudioVersion = 10.0.40219.1
Project("{FAE04EC0-301F-11D3-BF4B-00C04F79EFBC}") = "Test_csvWriteRead", "Test_csvWriteRead\Test_csvWriteRead.csproj", "{406FAC92-42A7-4331-A25F-E5FA737468CB}"
EndProject
Global
	GlobalSection(SolutionConfigurationPlatforms) = preSolution
		Debug|Any CPU = Debug|Any CPU
		Release|Any CPU = Release|Any CPU
	EndGlobalSection
	GlobalSection(ProjectConfigurationPlatforms) = postSolution
		{406FAC92-42A7-4331-A25F-E5FA737468CB}.Debug|Any CPU.ActiveCfg = Debug|Any CPU
		{406FAC92-42A7-4331-A25F-E5FA737468CB}.Debug|Any CPU.Build.0 = Debug|Any CPU
		{406FAC92-42A7-4331-A25F-E5FA737468CB}.Release|Any CPU.ActiveCfg = Release|Any CPU
		{406FAC92-42A7-4331-A25F-E5FA737468CB}.Release|Any CPU.Build.0 = Release|Any CPU
	EndGlobalSection
	GlobalSection(SolutionProperties) = preSolution
		HideSolutionNode = FALSE
	EndGlobalSection
	GlobalSection(ExtensibilityGlobals) = postSolution
		SolutionGuid = {6D9BEB96-0A4D-484E-A31E-2611709560DC}
	EndGlobalSection
EndGlobal
