
Microsoft Visual Studio Solution File, Format Version 12.00
# Visual Studio 15
VisualStudioVersion = 15.0.27703.2035
MinimumVisualStudioVersion = 10.0.40219.1
Project("{FAE04EC0-301F-11D3-BF4B-00C04F79EFBC}") = "NewSpicyVader", "NewSpicyVader\NewSpicyVader.csproj", "{568F196E-EAE6-4EF8-B4D8-2A69A56077FF}"
EndProject
Project("{FAE04EC0-301F-11D3-BF4B-00C04F79EFBC}") = "UnitTestProject1", "UnitTestProject1\UnitTestProject1.csproj", "{FC150430-0E11-4A7B-BED8-596E89BAE4CD}"
EndProject
Global
	GlobalSection(SolutionConfigurationPlatforms) = preSolution
		Debug|Any CPU = Debug|Any CPU
		Release|Any CPU = Release|Any CPU
	EndGlobalSection
	GlobalSection(ProjectConfigurationPlatforms) = postSolution
		{568F196E-EAE6-4EF8-B4D8-2A69A56077FF}.Debug|Any CPU.ActiveCfg = Debug|Any CPU
		{568F196E-EAE6-4EF8-B4D8-2A69A56077FF}.Debug|Any CPU.Build.0 = Debug|Any CPU
		{568F196E-EAE6-4EF8-B4D8-2A69A56077FF}.Release|Any CPU.ActiveCfg = Release|Any CPU
		{568F196E-EAE6-4EF8-B4D8-2A69A56077FF}.Release|Any CPU.Build.0 = Release|Any CPU
		{FC150430-0E11-4A7B-BED8-596E89BAE4CD}.Debug|Any CPU.ActiveCfg = Debug|Any CPU
		{FC150430-0E11-4A7B-BED8-596E89BAE4CD}.Debug|Any CPU.Build.0 = Debug|Any CPU
		{FC150430-0E11-4A7B-BED8-596E89BAE4CD}.Release|Any CPU.ActiveCfg = Release|Any CPU
		{FC150430-0E11-4A7B-BED8-596E89BAE4CD}.Release|Any CPU.Build.0 = Release|Any CPU
	EndGlobalSection
	GlobalSection(SolutionProperties) = preSolution
		HideSolutionNode = FALSE
	EndGlobalSection
	GlobalSection(ExtensibilityGlobals) = postSolution
		SolutionGuid = {C8C85642-2FB7-41E5-8E7A-6E33261AF0B7}
	EndGlobalSection
EndGlobal
