
Microsoft Visual Studio Solution File, Format Version 12.00
# Visual Studio 15
VisualStudioVersion = 15.0.27703.2035
MinimumVisualStudioVersion = 10.0.40219.1
Project("{FAE04EC0-301F-11D3-BF4B-00C04F79EFBC}") = "SpaceShip", "SpaceShip\SpaceShip.csproj", "{8FA121DC-3D7D-4B45-8BF6-87C8EA201DF4}"
EndProject
Global
	GlobalSection(SolutionConfigurationPlatforms) = preSolution
		Debug|Any CPU = Debug|Any CPU
		Release|Any CPU = Release|Any CPU
	EndGlobalSection
	GlobalSection(ProjectConfigurationPlatforms) = postSolution
		{8FA121DC-3D7D-4B45-8BF6-87C8EA201DF4}.Debug|Any CPU.ActiveCfg = Debug|Any CPU
		{8FA121DC-3D7D-4B45-8BF6-87C8EA201DF4}.Debug|Any CPU.Build.0 = Debug|Any CPU
		{8FA121DC-3D7D-4B45-8BF6-87C8EA201DF4}.Release|Any CPU.ActiveCfg = Release|Any CPU
		{8FA121DC-3D7D-4B45-8BF6-87C8EA201DF4}.Release|Any CPU.Build.0 = Release|Any CPU
	EndGlobalSection
	GlobalSection(SolutionProperties) = preSolution
		HideSolutionNode = FALSE
	EndGlobalSection
	GlobalSection(ExtensibilityGlobals) = postSolution
		SolutionGuid = {79170EF2-16EC-4607-A98D-C1CD4B7D911F}
	EndGlobalSection
EndGlobal
